
Microsoft Visual Studio Solution File, Format Version 12.00
# Visual Studio Version 17
VisualStudioVersion = 17.7.34018.315
MinimumVisualStudioVersion = 10.0.40219.1
Project("{FAE04EC0-301F-11D3-BF4B-00C04F79EFBC}") = "TrabajoIntegradorSofttekFront", "TrabajoIntegradorSofttekFront.csproj", "{62F9B84F-ED43-4805-9D71-AA032F58CE57}"
EndProject
Project("{FAE04EC0-301F-11D3-BF4B-00C04F79EFBC}") = "Data", "..\Data\Data.csproj", "{0FA0C3F5-9BAB-4EC6-BE67-7938AC4F4C45}"
EndProject
Global
	GlobalSection(SolutionConfigurationPlatforms) = preSolution
		Debug|Any CPU = Debug|Any CPU
		Release|Any CPU = Release|Any CPU
	EndGlobalSection
	GlobalSection(ProjectConfigurationPlatforms) = postSolution
		{62F9B84F-ED43-4805-9D71-AA032F58CE57}.Debug|Any CPU.ActiveCfg = Debug|Any CPU
		{62F9B84F-ED43-4805-9D71-AA032F58CE57}.Debug|Any CPU.Build.0 = Debug|Any CPU
		{62F9B84F-ED43-4805-9D71-AA032F58CE57}.Release|Any CPU.ActiveCfg = Release|Any CPU
		{62F9B84F-ED43-4805-9D71-AA032F58CE57}.Release|Any CPU.Build.0 = Release|Any CPU
		{0FA0C3F5-9BAB-4EC6-BE67-7938AC4F4C45}.Debug|Any CPU.ActiveCfg = Debug|Any CPU
		{0FA0C3F5-9BAB-4EC6-BE67-7938AC4F4C45}.Debug|Any CPU.Build.0 = Debug|Any CPU
		{0FA0C3F5-9BAB-4EC6-BE67-7938AC4F4C45}.Release|Any CPU.ActiveCfg = Release|Any CPU
		{0FA0C3F5-9BAB-4EC6-BE67-7938AC4F4C45}.Release|Any CPU.Build.0 = Release|Any CPU
	EndGlobalSection
	GlobalSection(SolutionProperties) = preSolution
		HideSolutionNode = FALSE
	EndGlobalSection
	GlobalSection(ExtensibilityGlobals) = postSolution
		SolutionGuid = {E63EAA3E-6208-4A02-85B0-DE63CA2FD65C}
	EndGlobalSection
EndGlobal
